
Microsoft Visual Studio Solution File, Format Version 12.00
# Visual Studio Version 17
VisualStudioVersion = 17.0.31903.59
MinimumVisualStudioVersion = 10.0.40219.1
Project("{FAE04EC0-301F-11D3-BF4B-00C04F79EFBC}") = "TaskService", "TaskService\TaskService.csproj", "{37C54993-09F9-427F-ABC2-F5250A67DAA6}"
EndProject
Project("{FAE04EC0-301F-11D3-BF4B-00C04F79EFBC}") = "TaskService.test", "TaskService.test\TaskService.test.csproj", "{ADA6DC2C-C866-4767-91F6-829211EBF61E}"
EndProject
Project("{FAE04EC0-301F-11D3-BF4B-00C04F79EFBC}") = "TaskService.Api", "TaskService.Api\TaskService.Api.csproj", "{7832EA41-D977-487D-94AD-2EE0854BE035}"
EndProject
Global
	GlobalSection(SolutionConfigurationPlatforms) = preSolution
		Debug|Any CPU = Debug|Any CPU
		Debug|x64 = Debug|x64
		Debug|x86 = Debug|x86
		Release|Any CPU = Release|Any CPU
		Release|x64 = Release|x64
		Release|x86 = Release|x86
	EndGlobalSection
	GlobalSection(ProjectConfigurationPlatforms) = postSolution
		{37C54993-09F9-427F-ABC2-F5250A67DAA6}.Debug|Any CPU.ActiveCfg = Debug|Any CPU
		{37C54993-09F9-427F-ABC2-F5250A67DAA6}.Debug|Any CPU.Build.0 = Debug|Any CPU
		{37C54993-09F9-427F-ABC2-F5250A67DAA6}.Debug|x64.ActiveCfg = Debug|Any CPU
		{37C54993-09F9-427F-ABC2-F5250A67DAA6}.Debug|x64.Build.0 = Debug|Any CPU
		{37C54993-09F9-427F-ABC2-F5250A67DAA6}.Debug|x86.ActiveCfg = Debug|Any CPU
		{37C54993-09F9-427F-ABC2-F5250A67DAA6}.Debug|x86.Build.0 = Debug|Any CPU
		{37C54993-09F9-427F-ABC2-F5250A67DAA6}.Release|Any CPU.ActiveCfg = Release|Any CPU
		{37C54993-09F9-427F-ABC2-F5250A67DAA6}.Release|Any CPU.Build.0 = Release|Any CPU
		{37C54993-09F9-427F-ABC2-F5250A67DAA6}.Release|x64.ActiveCfg = Release|Any CPU
		{37C54993-09F9-427F-ABC2-F5250A67DAA6}.Release|x64.Build.0 = Release|Any CPU
		{37C54993-09F9-427F-ABC2-F5250A67DAA6}.Release|x86.ActiveCfg = Release|Any CPU
		{37C54993-09F9-427F-ABC2-F5250A67DAA6}.Release|x86.Build.0 = Release|Any CPU
		{ADA6DC2C-C866-4767-91F6-829211EBF61E}.Debug|Any CPU.ActiveCfg = Debug|Any CPU
		{ADA6DC2C-C866-4767-91F6-829211EBF61E}.Debug|Any CPU.Build.0 = Debug|Any CPU
		{ADA6DC2C-C866-4767-91F6-829211EBF61E}.Debug|x64.ActiveCfg = Debug|Any CPU
		{ADA6DC2C-C866-4767-91F6-829211EBF61E}.Debug|x64.Build.0 = Debug|Any CPU
		{ADA6DC2C-C866-4767-91F6-829211EBF61E}.Debug|x86.ActiveCfg = Debug|Any CPU
		{ADA6DC2C-C866-4767-91F6-829211EBF61E}.Debug|x86.Build.0 = Debug|Any CPU
		{ADA6DC2C-C866-4767-91F6-829211EBF61E}.Release|Any CPU.ActiveCfg = Release|Any CPU
		{ADA6DC2C-C866-4767-91F6-829211EBF61E}.Release|Any CPU.Build.0 = Release|Any CPU
		{ADA6DC2C-C866-4767-91F6-829211EBF61E}.Release|x64.ActiveCfg = Release|Any CPU
		{ADA6DC2C-C866-4767-91F6-829211EBF61E}.Release|x64.Build.0 = Release|Any CPU
		{ADA6DC2C-C866-4767-91F6-829211EBF61E}.Release|x86.ActiveCfg = Release|Any CPU
		{ADA6DC2C-C866-4767-91F6-829211EBF61E}.Release|x86.Build.0 = Release|Any CPU
		{7832EA41-D977-487D-94AD-2EE0854BE035}.Debug|Any CPU.ActiveCfg = Debug|Any CPU
		{7832EA41-D977-487D-94AD-2EE0854BE035}.Debug|Any CPU.Build.0 = Debug|Any CPU
		{7832EA41-D977-487D-94AD-2EE0854BE035}.Debug|x64.ActiveCfg = Debug|Any CPU
		{7832EA41-D977-487D-94AD-2EE0854BE035}.Debug|x64.Build.0 = Debug|Any CPU
		{7832EA41-D977-487D-94AD-2EE0854BE035}.Debug|x86.ActiveCfg = Debug|Any CPU
		{7832EA41-D977-487D-94AD-2EE0854BE035}.Debug|x86.Build.0 = Debug|Any CPU
		{7832EA41-D977-487D-94AD-2EE0854BE035}.Release|Any CPU.ActiveCfg = Release|Any CPU
		{7832EA41-D977-487D-94AD-2EE0854BE035}.Release|Any CPU.Build.0 = Release|Any CPU
		{7832EA41-D977-487D-94AD-2EE0854BE035}.Release|x64.ActiveCfg = Release|Any CPU
		{7832EA41-D977-487D-94AD-2EE0854BE035}.Release|x64.Build.0 = Release|Any CPU
		{7832EA41-D977-487D-94AD-2EE0854BE035}.Release|x86.ActiveCfg = Release|Any CPU
		{7832EA41-D977-487D-94AD-2EE0854BE035}.Release|x86.Build.0 = Release|Any CPU
	EndGlobalSection
	GlobalSection(SolutionProperties) = preSolution
		HideSolutionNode = FALSE
	EndGlobalSection
EndGlobal
